{
  "originHash" : "8246c97a6701366bc81707649c5944553eb91a0b51bbff4a7226de138a031708",
  "pins" : [
    {
      "identity" : "client-sdk-swift",
      "kind" : "remoteSourceControl",
      "location" : "https://github.com/livekit/client-sdk-swift",
      "state" : {
        "revision" : "f70911172031fe40042266ed3bc35171224c2ef0",
        "version" : "2.13.0"
      }
    },
    {
      "identity" : "livekit-uniffi-xcframework",
      "kind" : "remoteSourceControl",
      "location" : "https://github.com/livekit/livekit-uniffi-xcframework.git",
      "state" : {
        "revision" : "61229f4032131311b997ddb1bc1cb8f5afbe30c8",
        "version" : "0.0.5"
      }
    },
    {
      "identity" : "swift-protobuf",
      "kind" : "remoteSourceControl",
      "location" : "https://github.com/apple/swift-protobuf.git",
      "state" : {
        "revision" : "a008af1a102ff3dd6cc3764bb69bf63226d0f5f6",
        "version" : "1.36.1"
      }
    },
    {
      "identity" : "webrtc",
      "kind" : "remoteSourceControl",
      "location" : "https://github.com/stasel/WebRTC",
      "state" : {
        "revision" : "e8b5efb9d921a7d3044d3928ae235b8846436e41",
        "version" : "147.0.0"
      }
    },
    {
      "identity" : "webrtc-xcframework",
      "kind" : "remoteSourceControl",
      "location" : "https://github.com/livekit/webrtc-xcframework.git",
      "state" : {
        "revision" : "f6017e189972b86f90e0ec406b1629828bc75748",
        "version" : "144.7559.3"
      }
    }
  ],
  "version" : 3
}
